# THIS IS AN AUTOGENERATED FILE. DO NOT EDIT THIS FILE DIRECTLY.
assets/filter.js:
  development: 2018-12-05T23:14:33+01:00   89f79f1e836a6e421edbb39f057922d0
assets/filter.json:
  development: 2018-11-01T10:34:38+01:00   ebdc237f3397097674117dc7b228e077
snippets/product-block-json.liquid:
  development: 2018-12-05T23:11:41+01:00   8d5ce610fcaabbc5539d0d31514e5096
